
Microsoft Visual Studio Solution File, Format Version 12.00
Project("{FAE04EC0-301F-11D3-BF4B-00C04F79EFBC}") = "MyNoSqlDataReader.HttpClient", "MyNoSqlDataReader.HttpClient\MyNoSqlDataReader.HttpClient.csproj", "{28EE2AF4-6FF1-4D14-9538-64637D49BBCE}"
EndProject
Project("{FAE04EC0-301F-11D3-BF4B-00C04F79EFBC}") = "MyNoSqlDataReader.Tests", "MyNoSqlDataReader.Tests\MyNoSqlDataReader.Tests.csproj", "{2D6E6A7E-6972-4623-B0DD-12413B6B0369}"
EndProject
Global
	GlobalSection(SolutionConfigurationPlatforms) = preSolution
		Debug|Any CPU = Debug|Any CPU
		Release|Any CPU = Release|Any CPU
	EndGlobalSection
	GlobalSection(ProjectConfigurationPlatforms) = postSolution
		{28EE2AF4-6FF1-4D14-9538-64637D49BBCE}.Debug|Any CPU.ActiveCfg = Debug|Any CPU
		{28EE2AF4-6FF1-4D14-9538-64637D49BBCE}.Debug|Any CPU.Build.0 = Debug|Any CPU
		{28EE2AF4-6FF1-4D14-9538-64637D49BBCE}.Release|Any CPU.ActiveCfg = Release|Any CPU
		{28EE2AF4-6FF1-4D14-9538-64637D49BBCE}.Release|Any CPU.Build.0 = Release|Any CPU
		{2D6E6A7E-6972-4623-B0DD-12413B6B0369}.Debug|Any CPU.ActiveCfg = Debug|Any CPU
		{2D6E6A7E-6972-4623-B0DD-12413B6B0369}.Debug|Any CPU.Build.0 = Debug|Any CPU
		{2D6E6A7E-6972-4623-B0DD-12413B6B0369}.Release|Any CPU.ActiveCfg = Release|Any CPU
		{2D6E6A7E-6972-4623-B0DD-12413B6B0369}.Release|Any CPU.Build.0 = Release|Any CPU
	EndGlobalSection
EndGlobal
